// !$*UTF8*$!
{
	archiveVersion = 1;
	classes = {
	};
	objectVersion = 56;
	objects = {

/* Begin PBXBuildFile section */
		FC350B832A786FEF00C57587 /* Aula_3_1App.swift in Sources */ = {isa = PBXBuildFile; fileRef = FC350B822A786FEF00C57587 /* Aula_3_1App.swift */; };
		FC350B852A786FEF00C57587 /* ContentView.swift in Sources */ = {isa = PBXBuildFile; fileRef = FC350B842A786FEF00C57587 /* ContentView.swift */; };
		FC350B872A786FF000C57587 /* Assets.xcassets in Resources */ = {isa = PBXBuildFile; fileRef = FC350B862A786FF000C57587 /* Assets.xcassets */; };
		FC350B8A2A786FF000C57587 /* Preview Assets.xcassets in Resources */ = {isa = PBXBuildFile; fileRef = FC350B892A786FF000C57587 /* Preview Assets.xcassets */; };
		FC350B912A78716100C57587 /* Tela1.swift in Sources */ = {isa = PBXBuildFile; fileRef = FC350B902A78716100C57587 /* Tela1.swift */; };
		FC350B992A78724E00C57587 /* Tela2.swift in Sources */ = {isa = PBXBuildFile; fileRef = FC350B982A78724E00C57587 /* Tela2.swift */; };
		FC350B9B2A78725A00C57587 /* Tela3.swift in Sources */ = {isa = PBXBuildFile; fileRef = FC350B9A2A78725A00C57587 /* Tela3.swift */; };
		FC350B9D2A78727300C57587 /* Tela4.swift in Sources */ = {isa = PBXBuildFile; fileRef = FC350B9C2A78727300C57587 /* Tela4.swift */; };
		FC350B9F2A78728800C57587 /* Tela5.swift in Sources */ = {isa = PBXBuildFile; fileRef = FC350B9E2A78728800C57587 /* Tela5.swift */; };
/* End PBXBuildFile section */

/* Begin PBXFileReference section */
		FC350B7F2A786FEF00C57587 /* Aula 3-1.app */ = {isa = PBXFileReference; explicitFileType = wrapper.application; includeInIndex = 0; path = "Aula 3-1.app"; sourceTree = BUILT_PRODUCTS_DIR; };
		FC350B822A786FEF00C57587 /* Aula_3_1App.swift */ = {isa = PBXFileReference; lastKnownFileType = sourcecode.swift; path = Aula_3_1App.swift; sourceTree = "<group>"; };
		FC350B842A786FEF00C57587 /* ContentView.swift */ = {isa = PBXFileReference; lastKnownFileType = sourcecode.swift; path = ContentView.swift; sourceTree = "<group>"; };
		FC350B862A786FF000C57587 /* Assets.xcassets */ = {isa = PBXFileReference; lastKnownFileType = folder.assetcatalog; path = Assets.xcassets; sourceTree = "<group>"; };
		FC350B892A786FF000C57587 /* Preview Assets.xcassets */ = {isa = PBXFileReference; lastKnownFileType = folder.assetcatalog; path = "Preview Assets.xcassets"; sourceTree = "<group>"; };
		FC350B902A78716100C57587 /* Tela1.swift */ = {isa = PBXFileReference; lastKnownFileType = sourcecode.swift; path = Tela1.swift; sourceTree = "<group>"; };
		FC350B982A78724E00C57587 /* Tela2.swift */ = {isa = PBXFileReference; lastKnownFileType = sourcecode.swift; path = Tela2.swift; sourceTree = "<group>"; };
		FC350B9A2A78725A00C57587 /* Tela3.swift */ = {isa = PBXFileReference; lastKnownFileType = sourcecode.swift; path = Tela3.swift; sourceTree = "<group>"; };
		FC350B9C2A78727300C57587 /* Tela4.swift */ = {isa = PBXFileReference; lastKnownFileType = sourcecode.swift; path = Tela4.swift; sourceTree = "<group>"; };
		FC350B9E2A78728800C57587 /* Tela5.swift */ = {isa = PBXFileReference; lastKnownFileType = sourcecode.swift; path = Tela5.swift; sourceTree = "<group>"; };
/* End PBXFileReference section */

/* Begin PBXFrameworksBuildPhase section */
		FC350B7C2A786FEF00C57587 /* Frameworks */ = {
			isa = PBXFrameworksBuildPhase;
			buildActionMask = 2147483647;
			files = (
			);
			runOnlyForDeploymentPostprocessing = 0;
		};
/* End PBXFrameworksBuildPhase section */

/* Begin PBXGroup section */
		FC350B762A786FEF00C57587 = {
			isa = PBXGroup;
			children = (
				FC350B812A786FEF00C57587 /* Aula 3-1 */,
				FC350B802A786FEF00C57587 /* Products */,
			);
			sourceTree = "<group>";
		};
		FC350B802A786FEF00C57587 /* Products */ = {
			isa = PBXGroup;
			children = (
				FC350B7F2A786FEF00C57587 /* Aula 3-1.app */,
			);
			name = Products;
			sourceTree = "<group>";
		};
		FC350B812A786FEF00C57587 /* Aula 3-1 */ = {
			isa = PBXGroup;
			children = (
				FC350B822A786FEF00C57587 /* Aula_3_1App.swift */,
				FC350B842A786FEF00C57587 /* ContentView.swift */,
				FC350B862A786FF000C57587 /* Assets.xcassets */,
				FC350B882A786FF000C57587 /* Preview Content */,
				FC350B902A78716100C57587 /* Tela1.swift */,
				FC350B982A78724E00C57587 /* Tela2.swift */,
				FC350B9A2A78725A00C57587 /* Tela3.swift */,
				FC350B9C2A78727300C57587 /* Tela4.swift */,
				FC350B9E2A78728800C57587 /* Tela5.swift */,
			);
			path = "Aula 3-1";
			sourceTree = "<group>";
		};
		FC350B882A786FF000C57587 /* Preview Content */ = {
			isa = PBXGroup;
			children = (
				FC350B892A786FF000C57587 /* Preview Assets.xcassets */,
			);
			path = "Preview Content";
			sourceTree = "<group>";
		};
/* End PBXGroup section */

/* Begin PBXNativeTarget section */
		FC350B7E2A786FEF00C57587 /* Aula 3-1 */ = {
			isa = PBXNativeTarget;
			buildConfigurationList = FC350B8D2A786FF000C57587 /* Build configuration list for PBXNativeTarget "Aula 3-1" */;
			buildPhases = (
				FC350B7B2A786FEF00C57587 /* Sources */,
				FC350B7C2A786FEF00C57587 /* Frameworks */,
				FC350B7D2A786FEF00C57587 /* Resources */,
			);
			buildRules = (
			);
			dependencies = (
			);
			name = "Aula 3-1";
			productName = "Aula 3-1";
			productReference = FC350B7F2A786FEF00C57587 /* Aula 3-1.app */;
			productType = "com.apple.product-type.application";
		};
/* End PBXNativeTarget section */

/* Begin PBXProject section */
		FC350B772A786FEF00C57587 /* Project object */ = {
			isa = PBXProject;
			attributes = {
				BuildIndependentTargetsInParallel = 1;
				LastSwiftUpdateCheck = 1420;
				LastUpgradeCheck = 1420;
				TargetAttributes = {
					FC350B7E2A786FEF00C57587 = {
						CreatedOnToolsVersion = 14.2;
					};
				};
			};
			buildConfigurationList = FC350B7A2A786FEF00C57587 /* Build configuration list for PBXProject "Aula 3-1" */;
			compatibilityVersion = "Xcode 14.0";
			developmentRegion = en;
			hasScannedForEncodings = 0;
			knownRegions = (
				en,
				Base,
			);
			mainGroup = FC350B762A786FEF00C57587;
			productRefGroup = FC350B802A786FEF00C57587 /* Products */;
			projectDirPath = "";
			projectRoot = "";
			targets = (
				FC350B7E2A786FEF00C57587 /* Aula 3-1 */,
			);
		};
/* End PBXProject section */

/* Begin PBXResourcesBuildPhase section */
		FC350B7D2A786FEF00C57587 /* Resources */ = {
			isa = PBXResourcesBuildPhase;
			buildActionMask = 2147483647;
			files = (
				FC350B8A2A786FF000C57587 /* Preview Assets.xcassets in Resources */,
				FC350B872A786FF000C57587 /* Assets.xcassets in Resources */,
			);
			runOnlyForDeploymentPostprocessing = 0;
		};
/* End PBXResourcesBuildPhase section */

/* Begin PBXSourcesBuildPhase section */
		FC350B7B2A786FEF00C57587 /* Sources */ = {
			isa = PBXSourcesBuildPhase;
			buildActionMask = 2147483647;
			files = (
				FC350B852A786FEF00C57587 /* ContentView.swift in Sources */,
				FC350B9B2A78725A00C57587 /* Tela3.swift in Sources */,
				FC350B912A78716100C57587 /* Tela1.swift in Sources */,
				FC350B9F2A78728800C57587 /* Tela5.swift in Sources */,
				FC350B992A78724E00C57587 /* Tela2.swift in Sources */,
				FC350B9D2A78727300C57587 /* Tela4.swift in Sources */,
				FC350B832A786FEF00C57587 /* Aula_3_1App.swift in Sources */,
			);
			runOnlyForDeploymentPostprocessing = 0;
		};
/* End PBXSourcesBuildPhase section */

/* Begin XCBuildConfiguration section */
		FC350B8B2A786FF000C57587 /* Debug */ = {
			isa = XCBuildConfiguration;
			buildSettings = {
				ALWAYS_SEARCH_USER_PATHS = NO;
				CLANG_ANALYZER_NONNULL = YES;
				CLANG_ANALYZER_NUMBER_OBJECT_CONVERSION = YES_AGGRESSIVE;
				CLANG_CXX_LANGUAGE_STANDARD = "gnu++20";
				CLANG_ENABLE_MODULES = YES;
				CLANG_ENABLE_OBJC_ARC = YES;
				CLANG_ENABLE_OBJC_WEAK = YES;
				CLANG_WARN_BLOCK_CAPTURE_AUTORELEASING = YES;
				CLANG_WARN_BOOL_CONVERSION = YES;
				CLANG_WARN_COMMA = YES;
				CLANG_WARN_CONSTANT_CONVERSION = YES;
				CLANG_WARN_DEPRECATED_OBJC_IMPLEMENTATIONS = YES;
				CLANG_WARN_DIRECT_OBJC_ISA_USAGE = YES_ERROR;
				CLANG_WARN_DOCUMENTATION_COMMENTS = YES;
				CLANG_WARN_EMPTY_BODY = YES;
				CLANG_WARN_ENUM_CONVERSION = YES;
				CLANG_WARN_INFINITE_RECURSION = YES;
				CLANG_WARN_INT_CONVERSION = YES;
				CLANG_WARN_NON_LITERAL_NULL_CONVERSION = YES;
				CLANG_WARN_OBJC_IMPLICIT_RETAIN_SELF = YES;
				CLANG_WARN_OBJC_LITERAL_CONVERSION = YES;
				CLANG_WARN_OBJC_ROOT_CLASS = YES_ERROR;
				CLANG_WARN_QUOTED_INCLUDE_IN_FRAMEWORK_HEADER = YES;
				CLANG_WARN_RANGE_LOOP_ANALYSIS = YES;
				CLANG_WARN_STRICT_PROTOTYPES = YES;
				CLANG_WARN_SUSPICIOUS_MOVE = YES;
				CLANG_WARN_UNGUARDED_AVAILABILITY = YES_AGGRESSIVE;
				CLANG_WARN_UNREACHABLE_CODE = YES;
				CLANG_WARN__DUPLICATE_METHOD_MATCH = YES;
				COPY_PHASE_STRIP = NO;
				DEBUG_INFORMATION_FORMAT = dwarf;
				ENABLE_STRICT_OBJC_MSGSEND = YES;
				ENABLE_TESTABILITY = YES;
				GCC_C_LANGUAGE_STANDARD = gnu11;
				GCC_DYNAMIC_NO_PIC = NO;
				GCC_NO_COMMON_BLOCKS = YES;
				GCC_OPTIMIZATION_LEVEL = 0;
				GCC_PREPROCESSOR_DEFINITIONS = (
					"DEBUG=1",
					"$(inherited)",
				);
				GCC_WARN_64_TO_32_BIT_CONVERSION = YES;
				GCC_WARN_ABOUT_RETURN_TYPE = YES_ERROR;
				GCC_WARN_UNDECLARED_SELECTOR = YES;
				GCC_WARN_UNINITIALIZED_AUTOS = YES_AGGRESSIVE;
				GCC_WARN_UNUSED_FUNCTION = YES;
				GCC_WARN_UNUSED_VARIABLE = YES;
				IPHONEOS_DEPLOYMENT_TARGET = 16.2;
				MTL_ENABLE_DEBUG_INFO = INCLUDE_SOURCE;
				MTL_FAST_MATH = YES;
				ONLY_ACTIVE_ARCH = YES;
				SDKROOT = iphoneos;
				SWIFT_ACTIVE_COMPILATION_CONDITIONS = DEBUG;
				SWIFT_OPTIMIZATION_LEVEL = "-Onone";
			};
			name = Debug;
		};
		FC350B8C2A786FF000C57587 /* Release */ = {
			isa = XCBuildConfiguration;
			buildSettings = {
				ALWAYS_SEARCH_USER_PATHS = NO;
				CLANG_ANALYZER_NONNULL = YES;
				CLANG_ANALYZER_NUMBER_OBJECT_CONVERSION = YES_AGGRESSIVE;
				CLANG_CXX_LANGUAGE_STANDARD = "gnu++20";
				CLANG_ENABLE_MODULES = YES;
				CLANG_ENABLE_OBJC_ARC = YES;
				CLANG_ENABLE_OBJC_WEAK = YES;
				CLANG_WARN_BLOCK_CAPTURE_AUTORELEASING = YES;
				CLANG_WARN_BOOL_CONVERSION = YES;
				CLANG_WARN_COMMA = YES;
				CLANG_WARN_CONSTANT_CONVERSION = YES;
				CLANG_WARN_DEPRECATED_OBJC_IMPLEMENTATIONS = YES;
				CLANG_WARN_DIRECT_OBJC_ISA_USAGE = YES_ERROR;
				CLANG_WARN_DOCUMENTATION_COMMENTS = YES;
				CLANG_WARN_EMPTY_BODY = YES;
				CLANG_WARN_ENUM_CONVERSION = YES;
				CLANG_WARN_INFINITE_RECURSION = YES;
				CLANG_WARN_INT_CONVERSION = YES;
				CLANG_WARN_NON_LITERAL_NULL_CONVERSION = YES;
				CLANG_WARN_OBJC_IMPLICIT_RETAIN_SELF = YES;
				CLANG_WARN_OBJC_LITERAL_CONVERSION = YES;
				CLANG_WARN_OBJC_ROOT_CLASS = YES_ERROR;
				CLANG_WARN_QUOTED_INCLUDE_IN_FRAMEWORK_HEADER = YES;
				CLANG_WARN_RANGE_LOOP_ANALYSIS = YES;
				CLANG_WARN_STRICT_PROTOTYPES = YES;
				CLANG_WARN_SUSPICIOUS_MOVE = YES;
				CLANG_WARN_UNGUARDED_AVAILABILITY = YES_AGGRESSIVE;
				CLANG_WARN_UNREACHABLE_CODE = YES;
				CLANG_WARN__DUPLICATE_METHOD_MATCH = YES;
				COPY_PHASE_STRIP = NO;
				DEBUG_INFORMATION_FORMAT = "dwarf-with-dsym";
				ENABLE_NS_ASSERTIONS = NO;
				ENABLE_STRICT_OBJC_MSGSEND = YES;
				GCC_C_LANGUAGE_STANDARD = gnu11;
				GCC_NO_COMMON_BLOCKS = YES;
				GCC_WARN_64_TO_32_BIT_CONVERSION = YES;
				GCC_WARN_ABOUT_RETURN_TYPE = YES_ERROR;
				GCC_WARN_UNDECLARED_SELECTOR = YES;
				GCC_WARN_UNINITIALIZED_AUTOS = YES_AGGRESSIVE;
				GCC_WARN_UNUSED_FUNCTION = YES;
				GCC_WARN_UNUSED_VARIABLE = YES;
				IPHONEOS_DEPLOYMENT_TARGET = 16.2;
				MTL_ENABLE_DEBUG_INFO = NO;
				MTL_FAST_MATH = YES;
				SDKROOT = iphoneos;
				SWIFT_COMPILATION_MODE = wholemodule;
				SWIFT_OPTIMIZATION_LEVEL = "-O";
				VALIDATE_PRODUCT = YES;
			};
			name = Release;
		};
		FC350B8E2A786FF000C57587 /* Debug */ = {
			isa = XCBuildConfiguration;
			buildSettings = {
				ASSETCATALOG_COMPILER_APPICON_NAME = AppIcon;
				ASSETCATALOG_COMPILER_GLOBAL_ACCENT_COLOR_NAME = AccentColor;
				CODE_SIGN_STYLE = Automatic;
				CURRENT_PROJECT_VERSION = 1;
				DEVELOPMENT_ASSET_PATHS = "\"Aula 3-1/Preview Content\"";
				ENABLE_PREVIEWS = YES;
				GENERATE_INFOPLIST_FILE = YES;
				INFOPLIST_KEY_UIApplicationSceneManifest_Generation = YES;
				INFOPLIST_KEY_UIApplicationSupportsIndirectInputEvents = YES;
				INFOPLIST_KEY_UILaunchScreen_Generation = YES;
				INFOPLIST_KEY_UISupportedInterfaceOrientations_iPad = "UIInterfaceOrientationPortrait UIInterfaceOrientationPortraitUpsideDown UIInterfaceOrientationLandscapeLeft UIInterfaceOrientationLandscapeRight";
				INFOPLIST_KEY_UISupportedInterfaceOrientations_iPhone = "UIInterfaceOrientationPortrait UIInterfaceOrientationLandscapeLeft UIInterfaceOrientationLandscapeRight";
				LD_RUNPATH_SEARCH_PATHS = (
					"$(inherited)",
					"@executable_path/Frameworks",
				);
				MARKETING_VERSION = 1.0;
				PRODUCT_BUNDLE_IDENTIFIER = "Lorenzo.Aula-3-1";
				PRODUCT_NAME = "$(TARGET_NAME)";
				SWIFT_EMIT_LOC_STRINGS = YES;
				SWIFT_VERSION = 5.0;
				TARGETED_DEVICE_FAMILY = "1,2";
			};
			name = Debug;
		};
		FC350B8F2A786FF000C57587 /* Release */ = {
			isa = XCBuildConfiguration;
			buildSettings = {
				ASSETCATALOG_COMPILER_APPICON_NAME = AppIcon;
				ASSETCATALOG_COMPILER_GLOBAL_ACCENT_COLOR_NAME = AccentColor;
				CODE_SIGN_STYLE = Automatic;
				CURRENT_PROJECT_VERSION = 1;
				DEVELOPMENT_ASSET_PATHS = "\"Aula 3-1/Preview Content\"";
				ENABLE_PREVIEWS = YES;
				GENERATE_INFOPLIST_FILE = YES;
				INFOPLIST_KEY_UIApplicationSceneManifest_Generation = YES;
				INFOPLIST_KEY_UIApplicationSupportsIndirectInputEvents = YES;
				INFOPLIST_KEY_UILaunchScreen_Generation = YES;
				INFOPLIST_KEY_UISupportedInterfaceOrientations_iPad = "UIInterfaceOrientationPortrait UIInterfaceOrientationPortraitUpsideDown UIInterfaceOrientationLandscapeLeft UIInterfaceOrientationLandscapeRight";
				INFOPLIST_KEY_UISupportedInterfaceOrientations_iPhone = "UIInterfaceOrientationPortrait UIInterfaceOrientationLandscapeLeft UIInterfaceOrientationLandscapeRight";
				LD_RUNPATH_SEARCH_PATHS = (
					"$(inherited)",
					"@executable_path/Frameworks",
				);
				MARKETING_VERSION = 1.0;
				PRODUCT_BUNDLE_IDENTIFIER = "Lorenzo.Aula-3-1";
				PRODUCT_NAME = "$(TARGET_NAME)";
				SWIFT_EMIT_LOC_STRINGS = YES;
				SWIFT_VERSION = 5.0;
				TARGETED_DEVICE_FAMILY = "1,2";
			};
			name = Release;
		};
/* End XCBuildConfiguration section */

/* Begin XCConfigurationList section */
		FC350B7A2A786FEF00C57587 /* Build configuration list for PBXProject "Aula 3-1" */ = {
			isa = XCConfigurationList;
			buildConfigurations = (
				FC350B8B2A786FF000C57587 /* Debug */,
				FC350B8C2A786FF000C57587 /* Release */,
			);
			defaultConfigurationIsVisible = 0;
			defaultConfigurationName = Release;
		};
		FC350B8D2A786FF000C57587 /* Build configuration list for PBXNativeTarget "Aula 3-1" */ = {
			isa = XCConfigurationList;
			buildConfigurations = (
				FC350B8E2A786FF000C57587 /* Debug */,
				FC350B8F2A786FF000C57587 /* Release */,
			);
			defaultConfigurationIsVisible = 0;
			defaultConfigurationName = Release;
		};
/* End XCConfigurationList section */
	};
	rootObject = FC350B772A786FEF00C57587 /* Project object */;
}
